
Microsoft Visual Studio Solution File, Format Version 12.00
# Visual Studio Version 16
VisualStudioVersion = 16.0.32510.428
MinimumVisualStudioVersion = 10.0.40219.1
Project("{FAE04EC0-301F-11D3-BF4B-00C04F79EFBC}") = "Ancestralis", "Ancestralis\Ancestralis.csproj", "{F39D6889-61A1-4C65-84AD-BA866A9BECFA}"
EndProject
Global
	GlobalSection(SolutionConfigurationPlatforms) = preSolution
		Debug|Any CPU = Debug|Any CPU
		Release|Any CPU = Release|Any CPU
	EndGlobalSection
	GlobalSection(ProjectConfigurationPlatforms) = postSolution
		{F39D6889-61A1-4C65-84AD-BA866A9BECFA}.Debug|Any CPU.ActiveCfg = Debug|Any CPU
		{F39D6889-61A1-4C65-84AD-BA866A9BECFA}.Debug|Any CPU.Build.0 = Debug|Any CPU
		{F39D6889-61A1-4C65-84AD-BA866A9BECFA}.Release|Any CPU.ActiveCfg = Release|Any CPU
		{F39D6889-61A1-4C65-84AD-BA866A9BECFA}.Release|Any CPU.Build.0 = Release|Any CPU
	EndGlobalSection
	GlobalSection(SolutionProperties) = preSolution
		HideSolutionNode = FALSE
	EndGlobalSection
	GlobalSection(ExtensibilityGlobals) = postSolution
		SolutionGuid = {4FBA0DDA-388C-4225-9621-49FA82FCD78B}
	EndGlobalSection
EndGlobal
